// !$*UTF8*$!
{
	archiveVersion = 1;
	classes = {
	};
	objectVersion = 46;
	objects = {

/* Begin PBXBuildFile section */
		862CC5743E1B62D686DD8ED8 /* libPods-MyBaseProject.a in Frameworks */ = {isa = PBXBuildFile; fileRef = 5F6EC5F46F179928508A66EC /* libPods-MyBaseProject.a */; };
		C50487181E8C016D007E626C /* UINavigationController+Alpha.m in Sources */ = {isa = PBXBuildFile; fileRef = C50487171E8C016D007E626C /* UINavigationController+Alpha.m */; };
		C5491C431E83926E00A11807 /* UINavigationController+Back.m in Sources */ = {isa = PBXBuildFile; fileRef = C5491C421E83926E00A11807 /* UINavigationController+Back.m */; };
		C549BEF31F0B69D9008F3467 /* UIButton+Layout.m in Sources */ = {isa = PBXBuildFile; fileRef = C549BEF21F0B69D9008F3467 /* UIButton+Layout.m */; };
		C55F7CC31E8AAF3700F12E10 /* UIImage+BRAdd.m in Sources */ = {isa = PBXBuildFile; fileRef = C55F7CC21E8AAF3700F12E10 /* UIImage+BRAdd.m */; };
		C5709A061DFA83E3002704EB /* main.m in Sources */ = {isa = PBXBuildFile; fileRef = C5709A051DFA83E3002704EB /* main.m */; };
		C5709A091DFA83E3002704EB /* AppDelegate.m in Sources */ = {isa = PBXBuildFile; fileRef = C5709A081DFA83E3002704EB /* AppDelegate.m */; };
		C5709A0F1DFA83E3002704EB /* Main.storyboard in Resources */ = {isa = PBXBuildFile; fileRef = C5709A0D1DFA83E3002704EB /* Main.storyboard */; };
		C5709A111DFA83E3002704EB /* Assets.xcassets in Resources */ = {isa = PBXBuildFile; fileRef = C5709A101DFA83E3002704EB /* Assets.xcassets */; };
		C5709A141DFA83E3002704EB /* LaunchScreen.storyboard in Resources */ = {isa = PBXBuildFile; fileRef = C5709A121DFA83E3002704EB /* LaunchScreen.storyboard */; };
		C582B0EE1ED6FA9A00D87EA2 /* NSData+BRAdd.m in Sources */ = {isa = PBXBuildFile; fileRef = C582B0ED1ED6FA9A00D87EA2 /* NSData+BRAdd.m */; };
		C582B0F61ED9150000D87EA2 /* NSString+Hash.m in Sources */ = {isa = PBXBuildFile; fileRef = C582B0F51ED9150000D87EA2 /* NSString+Hash.m */; };
		C58F26DA1EC201F000EF08BE /* NSObject+SBJson.m in Sources */ = {isa = PBXBuildFile; fileRef = C58F26C21EC201F000EF08BE /* NSObject+SBJson.m */; };
		C58F26DB1EC201F000EF08BE /* SBJsonParser.m in Sources */ = {isa = PBXBuildFile; fileRef = C58F26C51EC201F000EF08BE /* SBJsonParser.m */; };
		C58F26DC1EC201F000EF08BE /* SBJsonStreamParser.m in Sources */ = {isa = PBXBuildFile; fileRef = C58F26C71EC201F000EF08BE /* SBJsonStreamParser.m */; };
		C58F26DD1EC201F000EF08BE /* SBJsonStreamParserAccumulator.m in Sources */ = {isa = PBXBuildFile; fileRef = C58F26C91EC201F000EF08BE /* SBJsonStreamParserAccumulator.m */; };
		C58F26DE1EC201F000EF08BE /* SBJsonStreamParserAdapter.m in Sources */ = {isa = PBXBuildFile; fileRef = C58F26CB1EC201F000EF08BE /* SBJsonStreamParserAdapter.m */; };
		C58F26DF1EC201F000EF08BE /* SBJsonStreamParserState.m in Sources */ = {isa = PBXBuildFile; fileRef = C58F26CD1EC201F000EF08BE /* SBJsonStreamParserState.m */; };
		C58F26E01EC201F000EF08BE /* SBJsonStreamWriter.m in Sources */ = {isa = PBXBuildFile; fileRef = C58F26CF1EC201F000EF08BE /* SBJsonStreamWriter.m */; };
		C58F26E11EC201F000EF08BE /* SBJsonStreamWriterAccumulator.m in Sources */ = {isa = PBXBuildFile; fileRef = C58F26D11EC201F000EF08BE /* SBJsonStreamWriterAccumulator.m */; };
		C58F26E21EC201F000EF08BE /* SBJsonStreamWriterState.m in Sources */ = {isa = PBXBuildFile; fileRef = C58F26D31EC201F000EF08BE /* SBJsonStreamWriterState.m */; };
		C58F26E31EC201F000EF08BE /* SBJsonTokeniser.m in Sources */ = {isa = PBXBuildFile; fileRef = C58F26D51EC201F000EF08BE /* SBJsonTokeniser.m */; };
		C58F26E41EC201F000EF08BE /* SBJsonUTF8Stream.m in Sources */ = {isa = PBXBuildFile; fileRef = C58F26D71EC201F000EF08BE /* SBJsonUTF8Stream.m */; };
		C58F26E51EC201F000EF08BE /* SBJsonWriter.m in Sources */ = {isa = PBXBuildFile; fileRef = C58F26D91EC201F000EF08BE /* SBJsonWriter.m */; };
		C5AC374A1EA645470065F491 /* NSString+BRAdd.m in Sources */ = {isa = PBXBuildFile; fileRef = C5AC37491EA645470065F491 /* NSString+BRAdd.m */; };
		C5BB49A21EB24BA500F63FA4 /* NSArray+BRAdd.m in Sources */ = {isa = PBXBuildFile; fileRef = C5BB49A11EB24BA500F63FA4 /* NSArray+BRAdd.m */; };
		C5BE25141ED33F7400A532ED /* BRTextInputLimit.m in Sources */ = {isa = PBXBuildFile; fileRef = C5BE25131ED33F7400A532ED /* BRTextInputLimit.m */; };
		C5BE251E1ED3C50B00A532ED /* ABYBannerScrollView.m in Sources */ = {isa = PBXBuildFile; fileRef = C5BE251B1ED3C50B00A532ED /* ABYBannerScrollView.m */; };
		C5BE251F1ED3C50B00A532ED /* ABYWaterAnimation.m in Sources */ = {isa = PBXBuildFile; fileRef = C5BE251D1ED3C50B00A532ED /* ABYWaterAnimation.m */; };
		C5BE252B1ED5AFAB00A532ED /* BRBannerScrollView.m in Sources */ = {isa = PBXBuildFile; fileRef = C5BE252A1ED5AFAB00A532ED /* BRBannerScrollView.m */; };
		C5F352991ECC882600E236BC /* UIImageView+BRAdd.m in Sources */ = {isa = PBXBuildFile; fileRef = C5F352981ECC882600E236BC /* UIImageView+BRAdd.m */; };
		C5F9C7BA1E553AF900FCB7BD /* AppDelegate+Category.m in Sources */ = {isa = PBXBuildFile; fileRef = C5F9C7B91E553AF900FCB7BD /* AppDelegate+Category.m */; };
		C5F9C7BD1E553BCD00FCB7BD /* NSObject+Network.m in Sources */ = {isa = PBXBuildFile; fileRef = C5F9C7BC1E553BCD00FCB7BD /* NSObject+Network.m */; };
		C5F9C7C01E553F6F00FCB7BD /* UIScrollView+Refresh.m in Sources */ = {isa = PBXBuildFile; fileRef = C5F9C7BF1E553F6F00FCB7BD /* UIScrollView+Refresh.m */; };
		C5F9C7C31E55418B00FCB7BD /* BaseNetManager.m in Sources */ = {isa = PBXBuildFile; fileRef = C5F9C7C21E55418B00FCB7BD /* BaseNetManager.m */; };
		C5F9C7C61E554FE200FCB7BD /* BaseModel.m in Sources */ = {isa = PBXBuildFile; fileRef = C5F9C7C51E554FE200FCB7BD /* BaseModel.m */; };
		C5F9C7C91E55510D00FCB7BD /* BaseViewController.m in Sources */ = {isa = PBXBuildFile; fileRef = C5F9C7C81E55510D00FCB7BD /* BaseViewController.m */; };
		C5F9C7CC1E55519E00FCB7BD /* BaseViewModel.m in Sources */ = {isa = PBXBuildFile; fileRef = C5F9C7CB1E55519E00FCB7BD /* BaseViewModel.m */; };
		C5F9C7CF1E5552CE00FCB7BD /* NSObject+Parse.m in Sources */ = {isa = PBXBuildFile; fileRef = C5F9C7CE1E5552CE00FCB7BD /* NSObject+Parse.m */; };
		C5F9C7D31E55582100FCB7BD /* NSObject+HUD.m in Sources */ = {isa = PBXBuildFile; fileRef = C5F9C7D21E55582100FCB7BD /* NSObject+HUD.m */; };
/* End PBXBuildFile section */

/* Begin PBXFileReference section */
		5F6EC5F46F179928508A66EC /* libPods-MyBaseProject.a */ = {isa = PBXFileReference; explicitFileType = archive.ar; includeInIndex = 0; path = "libPods-MyBaseProject.a"; sourceTree = BUILT_PRODUCTS_DIR; };
		9D63256C6F845543982445E8 /* Pods-MyBaseProject.debug.xcconfig */ = {isa = PBXFileReference; includeInIndex = 1; lastKnownFileType = text.xcconfig; name = "Pods-MyBaseProject.debug.xcconfig"; path = "Pods/Target Support Files/Pods-MyBaseProject/Pods-MyBaseProject.debug.xcconfig"; sourceTree = "<group>"; };
		A1DB763C942612557C586CB5 /* Pods-MyBaseProject.release.xcconfig */ = {isa = PBXFileReference; includeInIndex = 1; lastKnownFileType = text.xcconfig; name = "Pods-MyBaseProject.release.xcconfig"; path = "Pods/Target Support Files/Pods-MyBaseProject/Pods-MyBaseProject.release.xcconfig"; sourceTree = "<group>"; };
		C50487161E8C016D007E626C /* UINavigationController+Alpha.h */ = {isa = PBXFileReference; fileEncoding = 4; lastKnownFileType = sourcecode.c.h; path = "UINavigationController+Alpha.h"; sourceTree = "<group>"; };
		C50487171E8C016D007E626C /* UINavigationController+Alpha.m */ = {isa = PBXFileReference; fileEncoding = 4; lastKnownFileType = sourcecode.c.objc; path = "UINavigationController+Alpha.m"; sourceTree = "<group>"; };
		C5491C411E83926E00A11807 /* UINavigationController+Back.h */ = {isa = PBXFileReference; fileEncoding = 4; lastKnownFileType = sourcecode.c.h; path = "UINavigationController+Back.h"; sourceTree = "<group>"; };
		C5491C421E83926E00A11807 /* UINavigationController+Back.m */ = {isa = PBXFileReference; fileEncoding = 4; lastKnownFileType = sourcecode.c.objc; path = "UINavigationController+Back.m"; sourceTree = "<group>"; };
		C549BEF11F0B69D9008F3467 /* UIButton+Layout.h */ = {isa = PBXFileReference; fileEncoding = 4; lastKnownFileType = sourcecode.c.h; path = "UIButton+Layout.h"; sourceTree = "<group>"; };
		C549BEF21F0B69D9008F3467 /* UIButton+Layout.m */ = {isa = PBXFileReference; fileEncoding = 4; lastKnownFileType = sourcecode.c.objc; path = "UIButton+Layout.m"; sourceTree = "<group>"; };
		C55F7CC11E8AAF3700F12E10 /* UIImage+BRAdd.h */ = {isa = PBXFileReference; fileEncoding = 4; lastKnownFileType = sourcecode.c.h; path = "UIImage+BRAdd.h"; sourceTree = "<group>"; };
		C55F7CC21E8AAF3700F12E10 /* UIImage+BRAdd.m */ = {isa = PBXFileReference; fileEncoding = 4; lastKnownFileType = sourcecode.c.objc; path = "UIImage+BRAdd.m"; sourceTree = "<group>"; };
		C5709A011DFA83E3002704EB /* MyBaseProject.app */ = {isa = PBXFileReference; explicitFileType = wrapper.application; includeInIndex = 0; path = MyBaseProject.app; sourceTree = BUILT_PRODUCTS_DIR; };
		C5709A051DFA83E3002704EB /* main.m */ = {isa = PBXFileReference; lastKnownFileType = sourcecode.c.objc; path = main.m; sourceTree = "<group>"; };
		C5709A071DFA83E3002704EB /* AppDelegate.h */ = {isa = PBXFileReference; lastKnownFileType = sourcecode.c.h; name = AppDelegate.h; path = ../../AppDelegate.h; sourceTree = "<group>"; };
		C5709A081DFA83E3002704EB /* AppDelegate.m */ = {isa = PBXFileReference; lastKnownFileType = sourcecode.c.objc; name = AppDelegate.m; path = ../../AppDelegate.m; sourceTree = "<group>"; };
		C5709A0E1DFA83E3002704EB /* Base */ = {isa = PBXFileReference; lastKnownFileType = file.storyboard; name = Base; path = Base.lproj/Main.storyboard; sourceTree = "<group>"; };
		C5709A101DFA83E3002704EB /* Assets.xcassets */ = {isa = PBXFileReference; lastKnownFileType = folder.assetcatalog; name = Assets.xcassets; path = ../../Assets.xcassets; sourceTree = "<group>"; };
		C5709A131DFA83E3002704EB /* Base */ = {isa = PBXFileReference; lastKnownFileType = file.storyboard; name = Base; path = Base.lproj/LaunchScreen.storyboard; sourceTree = "<group>"; };
		C5709A151DFA83E3002704EB /* Info.plist */ = {isa = PBXFileReference; lastKnownFileType = text.plist.xml; path = Info.plist; sourceTree = "<group>"; };
		C582B0EC1ED6FA9A00D87EA2 /* NSData+BRAdd.h */ = {isa = PBXFileReference; fileEncoding = 4; lastKnownFileType = sourcecode.c.h; path = "NSData+BRAdd.h"; sourceTree = "<group>"; };
		C582B0ED1ED6FA9A00D87EA2 /* NSData+BRAdd.m */ = {isa = PBXFileReference; fileEncoding = 4; lastKnownFileType = sourcecode.c.objc; path = "NSData+BRAdd.m"; sourceTree = "<group>"; };
		C582B0F41ED9150000D87EA2 /* NSString+Hash.h */ = {isa = PBXFileReference; fileEncoding = 4; lastKnownFileType = sourcecode.c.h; path = "NSString+Hash.h"; sourceTree = "<group>"; };
		C582B0F51ED9150000D87EA2 /* NSString+Hash.m */ = {isa = PBXFileReference; fileEncoding = 4; lastKnownFileType = sourcecode.c.objc; path = "NSString+Hash.m"; sourceTree = "<group>"; };
		C58F26C11EC201F000EF08BE /* NSObject+SBJson.h */ = {isa = PBXFileReference; fileEncoding = 4; lastKnownFileType = sourcecode.c.h; path = "NSObject+SBJson.h"; sourceTree = "<group>"; };
		C58F26C21EC201F000EF08BE /* NSObject+SBJson.m */ = {isa = PBXFileReference; fileEncoding = 4; lastKnownFileType = sourcecode.c.objc; path = "NSObject+SBJson.m"; sourceTree = "<group>"; };
		C58F26C31EC201F000EF08BE /* SBJson.h */ = {isa = PBXFileReference; fileEncoding = 4; lastKnownFileType = sourcecode.c.h; path = SBJson.h; sourceTree = "<group>"; };
		C58F26C41EC201F000EF08BE /* SBJsonParser.h */ = {isa = PBXFileReference; fileEncoding = 4; lastKnownFileType = sourcecode.c.h; path = SBJsonParser.h; sourceTree = "<group>"; };
		C58F26C51EC201F000EF08BE /* SBJsonParser.m */ = {isa = PBXFileReference; fileEncoding = 4; lastKnownFileType = sourcecode.c.objc; path = SBJsonParser.m; sourceTree = "<group>"; };
		C58F26C61EC201F000EF08BE /* SBJsonStreamParser.h */ = {isa = PBXFileReference; fileEncoding = 4; lastKnownFileType = sourcecode.c.h; path = SBJsonStreamParser.h; sourceTree = "<group>"; };
		C58F26C71EC201F000EF08BE /* SBJsonStreamParser.m */ = {isa = PBXFileReference; fileEncoding = 4; lastKnownFileType = sourcecode.c.objc; path = SBJsonStreamParser.m; sourceTree = "<group>"; };
		C58F26C81EC201F000EF08BE /* SBJsonStreamParserAccumulator.h */ = {isa = PBXFileReference; fileEncoding = 4; lastKnownFileType = sourcecode.c.h; path = SBJsonStreamParserAccumulator.h; sourceTree = "<group>"; };
		C58F26C91EC201F000EF08BE /* SBJsonStreamParserAccumulator.m */ = {isa = PBXFileReference; fileEncoding = 4; lastKnownFileType = sourcecode.c.objc; path = SBJsonStreamParserAccumulator.m; sourceTree = "<group>"; };
		C58F26CA1EC201F000EF08BE /* SBJsonStreamParserAdapter.h */ = {isa = PBXFileReference; fileEncoding = 4; lastKnownFileType = sourcecode.c.h; path = SBJsonStreamParserAdapter.h; sourceTree = "<group>"; };
		C58F26CB1EC201F000EF08BE /* SBJsonStreamParserAdapter.m */ = {isa = PBXFileReference; fileEncoding = 4; lastKnownFileType = sourcecode.c.objc; path = SBJsonStreamParserAdapter.m; sourceTree = "<group>"; };
		C58F26CC1EC201F000EF08BE /* SBJsonStreamParserState.h */ = {isa = PBXFileReference; fileEncoding = 4; lastKnownFileType = sourcecode.c.h; path = SBJsonStreamParserState.h; sourceTree = "<group>"; };
		C58F26CD1EC201F000EF08BE /* SBJsonStreamParserState.m */ = {isa = PBXFileReference; fileEncoding = 4; lastKnownFileType = sourcecode.c.objc; path = SBJsonStreamParserState.m; sourceTree = "<group>"; };
		C58F26CE1EC201F000EF08BE /* SBJsonStreamWriter.h */ = {isa = PBXFileReference; fileEncoding = 4; lastKnownFileType = sourcecode.c.h; path = SBJsonStreamWriter.h; sourceTree = "<group>"; };
		C58F26CF1EC201F000EF08BE /* SBJsonStreamWriter.m */ = {isa = PBXFileReference; fileEncoding = 4; lastKnownFileType = sourcecode.c.objc; path = SBJsonStreamWriter.m; sourceTree = "<group>"; };
		C58F26D01EC201F000EF08BE /* SBJsonStreamWriterAccumulator.h */ = {isa = PBXFileReference; fileEncoding = 4; lastKnownFileType = sourcecode.c.h; path = SBJsonStreamWriterAccumulator.h; sourceTree = "<group>"; };
		C58F26D11EC201F000EF08BE /* SBJsonStreamWriterAccumulator.m */ = {isa = PBXFileReference; fileEncoding = 4; lastKnownFileType = sourcecode.c.objc; path = SBJsonStreamWriterAccumulator.m; sourceTree = "<group>"; };
		C58F26D21EC201F000EF08BE /* SBJsonStreamWriterState.h */ = {isa = PBXFileReference; fileEncoding = 4; lastKnownFileType = sourcecode.c.h; path = SBJsonStreamWriterState.h; sourceTree = "<group>"; };
		C58F26D31EC201F000EF08BE /* SBJsonStreamWriterState.m */ = {isa = PBXFileReference; fileEncoding = 4; lastKnownFileType = sourcecode.c.objc; path = SBJsonStreamWriterState.m; sourceTree = "<group>"; };
		C58F26D41EC201F000EF08BE /* SBJsonTokeniser.h */ = {isa = PBXFileReference; fileEncoding = 4; lastKnownFileType = sourcecode.c.h; path = SBJsonTokeniser.h; sourceTree = "<group>"; };
		C58F26D51EC201F000EF08BE /* SBJsonTokeniser.m */ = {isa = PBXFileReference; fileEncoding = 4; lastKnownFileType = sourcecode.c.objc; path = SBJsonTokeniser.m; sourceTree = "<group>"; };
		C58F26D61EC201F000EF08BE /* SBJsonUTF8Stream.h */ = {isa = PBXFileReference; fileEncoding = 4; lastKnownFileType = sourcecode.c.h; path = SBJsonUTF8Stream.h; sourceTree = "<group>"; };
		C58F26D71EC201F000EF08BE /* SBJsonUTF8Stream.m */ = {isa = PBXFileReference; fileEncoding = 4; lastKnownFileType = sourcecode.c.objc; path = SBJsonUTF8Stream.m; sourceTree = "<group>"; };
		C58F26D81EC201F000EF08BE /* SBJsonWriter.h */ = {isa = PBXFileReference; fileEncoding = 4; lastKnownFileType = sourcecode.c.h; path = SBJsonWriter.h; sourceTree = "<group>"; };
		C58F26D91EC201F000EF08BE /* SBJsonWriter.m */ = {isa = PBXFileReference; fileEncoding = 4; lastKnownFileType = sourcecode.c.objc; path = SBJsonWriter.m; sourceTree = "<group>"; };
		C5AC37481EA645470065F491 /* NSString+BRAdd.h */ = {isa = PBXFileReference; fileEncoding = 4; lastKnownFileType = sourcecode.c.h; path = "NSString+BRAdd.h"; sourceTree = "<group>"; };
		C5AC37491EA645470065F491 /* NSString+BRAdd.m */ = {isa = PBXFileReference; fileEncoding = 4; lastKnownFileType = sourcecode.c.objc; path = "NSString+BRAdd.m"; sourceTree = "<group>"; };
		C5BB49A01EB24BA500F63FA4 /* NSArray+BRAdd.h */ = {isa = PBXFileReference; fileEncoding = 4; lastKnownFileType = sourcecode.c.h; path = "NSArray+BRAdd.h"; sourceTree = "<group>"; };
		C5BB49A11EB24BA500F63FA4 /* NSArray+BRAdd.m */ = {isa = PBXFileReference; fileEncoding = 4; lastKnownFileType = sourcecode.c.objc; path = "NSArray+BRAdd.m"; sourceTree = "<group>"; };
		C5BE25121ED33F7400A532ED /* BRTextInputLimit.h */ = {isa = PBXFileReference; fileEncoding = 4; lastKnownFileType = sourcecode.c.h; path = BRTextInputLimit.h; sourceTree = "<group>"; };
		C5BE25131ED33F7400A532ED /* BRTextInputLimit.m */ = {isa = PBXFileReference; fileEncoding = 4; lastKnownFileType = sourcecode.c.objc; path = BRTextInputLimit.m; sourceTree = "<group>"; };
		C5BE25151ED33FBF00A532ED /* Singleton.h */ = {isa = PBXFileReference; lastKnownFileType = sourcecode.c.h; path = Singleton.h; sourceTree = "<group>"; };
		C5BE251A1ED3C50B00A532ED /* ABYBannerScrollView.h */ = {isa = PBXFileReference; fileEncoding = 4; lastKnownFileType = sourcecode.c.h; path = ABYBannerScrollView.h; sourceTree = "<group>"; };
		C5BE251B1ED3C50B00A532ED /* ABYBannerScrollView.m */ = {isa = PBXFileReference; fileEncoding = 4; lastKnownFileType = sourcecode.c.objc; path = ABYBannerScrollView.m; sourceTree = "<group>"; };
		C5BE251C1ED3C50B00A532ED /* ABYWaterAnimation.h */ = {isa = PBXFileReference; fileEncoding = 4; lastKnownFileType = sourcecode.c.h; path = ABYWaterAnimation.h; sourceTree = "<group>"; };
		C5BE251D1ED3C50B00A532ED /* ABYWaterAnimation.m */ = {isa = PBXFileReference; fileEncoding = 4; lastKnownFileType = sourcecode.c.objc; path = ABYWaterAnimation.m; sourceTree = "<group>"; };
		C5BE25291ED5AFAB00A532ED /* BRBannerScrollView.h */ = {isa = PBXFileReference; fileEncoding = 4; lastKnownFileType = sourcecode.c.h; path = BRBannerScrollView.h; sourceTree = "<group>"; };
		C5BE252A1ED5AFAB00A532ED /* BRBannerScrollView.m */ = {isa = PBXFileReference; fileEncoding = 4; lastKnownFileType = sourcecode.c.objc; path = BRBannerScrollView.m; sourceTree = "<group>"; };
		C5F352971ECC882600E236BC /* UIImageView+BRAdd.h */ = {isa = PBXFileReference; fileEncoding = 4; lastKnownFileType = sourcecode.c.h; path = "UIImageView+BRAdd.h"; sourceTree = "<group>"; };
		C5F352981ECC882600E236BC /* UIImageView+BRAdd.m */ = {isa = PBXFileReference; fileEncoding = 4; lastKnownFileType = sourcecode.c.objc; path = "UIImageView+BRAdd.m"; sourceTree = "<group>"; };
		C5F9C7B61E553A1700FCB7BD /* Constants.h */ = {isa = PBXFileReference; lastKnownFileType = sourcecode.c.h; path = Constants.h; sourceTree = "<group>"; };
		C5F9C7B71E553A2B00FCB7BD /* Methods.h */ = {isa = PBXFileReference; lastKnownFileType = sourcecode.c.h; path = Methods.h; sourceTree = "<group>"; };
		C5F9C7B81E553AF900FCB7BD /* AppDelegate+Category.h */ = {isa = PBXFileReference; fileEncoding = 4; lastKnownFileType = sourcecode.c.h; path = "AppDelegate+Category.h"; sourceTree = "<group>"; };
		C5F9C7B91E553AF900FCB7BD /* AppDelegate+Category.m */ = {isa = PBXFileReference; fileEncoding = 4; lastKnownFileType = sourcecode.c.objc; path = "AppDelegate+Category.m"; sourceTree = "<group>"; };
		C5F9C7BB1E553BCD00FCB7BD /* NSObject+Network.h */ = {isa = PBXFileReference; fileEncoding = 4; lastKnownFileType = sourcecode.c.h; path = "NSObject+Network.h"; sourceTree = "<group>"; };
		C5F9C7BC1E553BCD00FCB7BD /* NSObject+Network.m */ = {isa = PBXFileReference; fileEncoding = 4; lastKnownFileType = sourcecode.c.objc; path = "NSObject+Network.m"; sourceTree = "<group>"; };
		C5F9C7BE1E553F6F00FCB7BD /* UIScrollView+Refresh.h */ = {isa = PBXFileReference; fileEncoding = 4; lastKnownFileType = sourcecode.c.h; path = "UIScrollView+Refresh.h"; sourceTree = "<group>"; };
		C5F9C7BF1E553F6F00FCB7BD /* UIScrollView+Refresh.m */ = {isa = PBXFileReference; fileEncoding = 4; lastKnownFileType = sourcecode.c.objc; path = "UIScrollView+Refresh.m"; sourceTree = "<group>"; };
		C5F9C7C11E55418B00FCB7BD /* BaseNetManager.h */ = {isa = PBXFileReference; fileEncoding = 4; lastKnownFileType = sourcecode.c.h; path = BaseNetManager.h; sourceTree = "<group>"; };
		C5F9C7C21E55418B00FCB7BD /* BaseNetManager.m */ = {isa = PBXFileReference; fileEncoding = 4; lastKnownFileType = sourcecode.c.objc; path = BaseNetManager.m; sourceTree = "<group>"; };
		C5F9C7C41E554FE200FCB7BD /* BaseModel.h */ = {isa = PBXFileReference; fileEncoding = 4; lastKnownFileType = sourcecode.c.h; path = BaseModel.h; sourceTree = "<group>"; };
		C5F9C7C51E554FE200FCB7BD /* BaseModel.m */ = {isa = PBXFileReference; fileEncoding = 4; lastKnownFileType = sourcecode.c.objc; path = BaseModel.m; sourceTree = "<group>"; };
		C5F9C7C71E55510D00FCB7BD /* BaseViewController.h */ = {isa = PBXFileReference; fileEncoding = 4; lastKnownFileType = sourcecode.c.h; path = BaseViewController.h; sourceTree = "<group>"; };
		C5F9C7C81E55510D00FCB7BD /* BaseViewController.m */ = {isa = PBXFileReference; fileEncoding = 4; lastKnownFileType = sourcecode.c.objc; path = BaseViewController.m; sourceTree = "<group>"; };
		C5F9C7CA1E55519E00FCB7BD /* BaseViewModel.h */ = {isa = PBXFileReference; fileEncoding = 4; lastKnownFileType = sourcecode.c.h; path = BaseViewModel.h; sourceTree = "<group>"; };
		C5F9C7CB1E55519E00FCB7BD /* BaseViewModel.m */ = {isa = PBXFileReference; fileEncoding = 4; lastKnownFileType = sourcecode.c.objc; path = BaseViewModel.m; sourceTree = "<group>"; };
		C5F9C7CD1E5552CE00FCB7BD /* NSObject+Parse.h */ = {isa = PBXFileReference; fileEncoding = 4; lastKnownFileType = sourcecode.c.h; path = "NSObject+Parse.h"; sourceTree = "<group>"; };
		C5F9C7CE1E5552CE00FCB7BD /* NSObject+Parse.m */ = {isa = PBXFileReference; fileEncoding = 4; lastKnownFileType = sourcecode.c.objc; path = "NSObject+Parse.m"; sourceTree = "<group>"; };
		C5F9C7D01E5556AE00FCB7BD /* PrefixHeader.pch */ = {isa = PBXFileReference; lastKnownFileType = sourcecode.c.h; path = PrefixHeader.pch; sourceTree = "<group>"; };
		C5F9C7D11E55582100FCB7BD /* NSObject+HUD.h */ = {isa = PBXFileReference; fileEncoding = 4; lastKnownFileType = sourcecode.c.h; path = "NSObject+HUD.h"; sourceTree = "<group>"; };
		C5F9C7D21E55582100FCB7BD /* NSObject+HUD.m */ = {isa = PBXFileReference; fileEncoding = 4; lastKnownFileType = sourcecode.c.objc; path = "NSObject+HUD.m"; sourceTree = "<group>"; };
/* End PBXFileReference section */

/* Begin PBXFrameworksBuildPhase section */
		C57099FE1DFA83E3002704EB /* Frameworks */ = {
			isa = PBXFrameworksBuildPhase;
			buildActionMask = 2147483647;
			files = (
				862CC5743E1B62D686DD8ED8 /* libPods-MyBaseProject.a in Frameworks */,
			);
			runOnlyForDeploymentPostprocessing = 0;
		};
/* End PBXFrameworksBuildPhase section */

/* Begin PBXGroup section */
		C57099F81DFA83E3002704EB = {
			isa = PBXGroup;
			children = (
				C5709A031DFA83E3002704EB /* MyBaseProject */,
				C5709A021DFA83E3002704EB /* Products */,
				EF6161BAA2A8D0277444DB25 /* Pods */,
				E7110527370B12CEF5907753 /* Frameworks */,
			);
			sourceTree = "<group>";
		};
		C5709A021DFA83E3002704EB /* Products */ = {
			isa = PBXGroup;
			children = (
				C5709A011DFA83E3002704EB /* MyBaseProject.app */,
			);
			name = Products;
			sourceTree = "<group>";
		};
		C5709A031DFA83E3002704EB /* MyBaseProject */ = {
			isa = PBXGroup;
			children = (
				C5F9C7A41E55368300FCB7BD /* Classes */,
				C5709A041DFA83E3002704EB /* Supporting Files */,
			);
			path = MyBaseProject;
			sourceTree = "<group>";
		};
		C5709A041DFA83E3002704EB /* Supporting Files */ = {
			isa = PBXGroup;
			children = (
				C5709A051DFA83E3002704EB /* main.m */,
				C5F9C7D01E5556AE00FCB7BD /* PrefixHeader.pch */,
				C5709A0D1DFA83E3002704EB /* Main.storyboard */,
				C5709A121DFA83E3002704EB /* LaunchScreen.storyboard */,
				C5709A151DFA83E3002704EB /* Info.plist */,
			);
			name = "Supporting Files";
			sourceTree = "<group>";
		};
		C58F26C01EC201F000EF08BE /* SBJson */ = {
			isa = PBXGroup;
			children = (
				C58F26C11EC201F000EF08BE /* NSObject+SBJson.h */,
				C58F26C21EC201F000EF08BE /* NSObject+SBJson.m */,
				C58F26C31EC201F000EF08BE /* SBJson.h */,
				C58F26C41EC201F000EF08BE /* SBJsonParser.h */,
				C58F26C51EC201F000EF08BE /* SBJsonParser.m */,
				C58F26C61EC201F000EF08BE /* SBJsonStreamParser.h */,
				C58F26C71EC201F000EF08BE /* SBJsonStreamParser.m */,
				C58F26C81EC201F000EF08BE /* SBJsonStreamParserAccumulator.h */,
				C58F26C91EC201F000EF08BE /* SBJsonStreamParserAccumulator.m */,
				C58F26CA1EC201F000EF08BE /* SBJsonStreamParserAdapter.h */,
				C58F26CB1EC201F000EF08BE /* SBJsonStreamParserAdapter.m */,
				C58F26CC1EC201F000EF08BE /* SBJsonStreamParserState.h */,
				C58F26CD1EC201F000EF08BE /* SBJsonStreamParserState.m */,
				C58F26CE1EC201F000EF08BE /* SBJsonStreamWriter.h */,
				C58F26CF1EC201F000EF08BE /* SBJsonStreamWriter.m */,
				C58F26D01EC201F000EF08BE /* SBJsonStreamWriterAccumulator.h */,
				C58F26D11EC201F000EF08BE /* SBJsonStreamWriterAccumulator.m */,
				C58F26D21EC201F000EF08BE /* SBJsonStreamWriterState.h */,
				C58F26D31EC201F000EF08BE /* SBJsonStreamWriterState.m */,
				C58F26D41EC201F000EF08BE /* SBJsonTokeniser.h */,
				C58F26D51EC201F000EF08BE /* SBJsonTokeniser.m */,
				C58F26D61EC201F000EF08BE /* SBJsonUTF8Stream.h */,
				C58F26D71EC201F000EF08BE /* SBJsonUTF8Stream.m */,
				C58F26D81EC201F000EF08BE /* SBJsonWriter.h */,
				C58F26D91EC201F000EF08BE /* SBJsonWriter.m */,
			);
			path = SBJson;
			sourceTree = "<group>";
		};
		C5BE25191ED3C50B00A532ED /* ABYBannerScrollView */ = {
			isa = PBXGroup;
			children = (
				C5BE251A1ED3C50B00A532ED /* ABYBannerScrollView.h */,
				C5BE251B1ED3C50B00A532ED /* ABYBannerScrollView.m */,
				C5BE251C1ED3C50B00A532ED /* ABYWaterAnimation.h */,
				C5BE251D1ED3C50B00A532ED /* ABYWaterAnimation.m */,
			);
			path = ABYBannerScrollView;
			sourceTree = "<group>";
		};
		C5BE25281ED5AFAB00A532ED /* BRBannerScrollView */ = {
			isa = PBXGroup;
			children = (
				C5BE25291ED5AFAB00A532ED /* BRBannerScrollView.h */,
				C5BE252A1ED5AFAB00A532ED /* BRBannerScrollView.m */,
			);
			path = BRBannerScrollView;
			sourceTree = "<group>";
		};
		C5F9C7A41E55368300FCB7BD /* Classes */ = {
			isa = PBXGroup;
			children = (
				C5F9C7A61E55368300FCB7BD /* Define */,
				C5F9C7A81E55368300FCB7BD /* NetManager */,
				C5F9C7A71E55368300FCB7BD /* Model */,
				C5F9C7AD1E55368300FCB7BD /* ViewModel */,
				C5F9C7AB1E55368300FCB7BD /* View */,
				C5F9C7AC1E55368300FCB7BD /* ViewController */,
				C5F9C7B11E55375700FCB7BD /* Helper */,
				C5F9C7AA1E55368300FCB7BD /* Vendor */,
				C5F9C7A91E55368300FCB7BD /* Resource */,
				C5F9C7B51E5537CD00FCB7BD /* Other */,
			);
			path = Classes;
			sourceTree = "<group>";
		};
		C5F9C7A61E55368300FCB7BD /* Define */ = {
			isa = PBXGroup;
			children = (
				C5F9C7B61E553A1700FCB7BD /* Constants.h */,
				C5F9C7B71E553A2B00FCB7BD /* Methods.h */,
				C5BE25151ED33FBF00A532ED /* Singleton.h */,
			);
			path = Define;
			sourceTree = "<group>";
		};
		C5F9C7A71E55368300FCB7BD /* Model */ = {
			isa = PBXGroup;
			children = (
				C5F9C7C41E554FE200FCB7BD /* BaseModel.h */,
				C5F9C7C51E554FE200FCB7BD /* BaseModel.m */,
			);
			path = Model;
			sourceTree = "<group>";
		};
		C5F9C7A81E55368300FCB7BD /* NetManager */ = {
			isa = PBXGroup;
			children = (
				C5F9C7C11E55418B00FCB7BD /* BaseNetManager.h */,
				C5F9C7C21E55418B00FCB7BD /* BaseNetManager.m */,
			);
			path = NetManager;
			sourceTree = "<group>";
		};
		C5F9C7A91E55368300FCB7BD /* Resource */ = {
			isa = PBXGroup;
			children = (
				C5709A101DFA83E3002704EB /* Assets.xcassets */,
			);
			path = Resource;
			sourceTree = "<group>";
		};
		C5F9C7AA1E55368300FCB7BD /* Vendor */ = {
			isa = PBXGroup;
			children = (
				C5BE25281ED5AFAB00A532ED /* BRBannerScrollView */,
				C5BE25191ED3C50B00A532ED /* ABYBannerScrollView */,
				C58F26C01EC201F000EF08BE /* SBJson */,
			);
			path = Vendor;
			sourceTree = "<group>";
		};
		C5F9C7AB1E55368300FCB7BD /* View */ = {
			isa = PBXGroup;
			children = (
			);
			path = View;
			sourceTree = "<group>";
		};
		C5F9C7AC1E55368300FCB7BD /* ViewController */ = {
			isa = PBXGroup;
			children = (
				C5F9C7C71E55510D00FCB7BD /* BaseViewController.h */,
				C5F9C7C81E55510D00FCB7BD /* BaseViewController.m */,
			);
			path = ViewController;
			sourceTree = "<group>";
		};
		C5F9C7AD1E55368300FCB7BD /* ViewModel */ = {
			isa = PBXGroup;
			children = (
				C5F9C7CA1E55519E00FCB7BD /* BaseViewModel.h */,
				C5F9C7CB1E55519E00FCB7BD /* BaseViewModel.m */,
			);
			path = ViewModel;
			sourceTree = "<group>";
		};
		C5F9C7B11E55375700FCB7BD /* Helper */ = {
			isa = PBXGroup;
			children = (
				C5F9C7B21E55375700FCB7BD /* Category */,
				C5F9C7B31E55375700FCB7BD /* Tools */,
			);
			path = Helper;
			sourceTree = "<group>";
		};
		C5F9C7B21E55375700FCB7BD /* Category */ = {
			isa = PBXGroup;
			children = (
				C5F9C7B81E553AF900FCB7BD /* AppDelegate+Category.h */,
				C5F9C7B91E553AF900FCB7BD /* AppDelegate+Category.m */,
				C5F9C7BB1E553BCD00FCB7BD /* NSObject+Network.h */,
				C5F9C7BC1E553BCD00FCB7BD /* NSObject+Network.m */,
				C5F9C7BE1E553F6F00FCB7BD /* UIScrollView+Refresh.h */,
				C5F9C7BF1E553F6F00FCB7BD /* UIScrollView+Refresh.m */,
				C5F9C7CD1E5552CE00FCB7BD /* NSObject+Parse.h */,
				C5F9C7CE1E5552CE00FCB7BD /* NSObject+Parse.m */,
				C5F9C7D11E55582100FCB7BD /* NSObject+HUD.h */,
				C5F9C7D21E55582100FCB7BD /* NSObject+HUD.m */,
				C5AC37481EA645470065F491 /* NSString+BRAdd.h */,
				C5AC37491EA645470065F491 /* NSString+BRAdd.m */,
				C582B0F41ED9150000D87EA2 /* NSString+Hash.h */,
				C582B0F51ED9150000D87EA2 /* NSString+Hash.m */,
				C582B0EC1ED6FA9A00D87EA2 /* NSData+BRAdd.h */,
				C582B0ED1ED6FA9A00D87EA2 /* NSData+BRAdd.m */,
				C5BB49A01EB24BA500F63FA4 /* NSArray+BRAdd.h */,
				C5BB49A11EB24BA500F63FA4 /* NSArray+BRAdd.m */,
				C55F7CC11E8AAF3700F12E10 /* UIImage+BRAdd.h */,
				C55F7CC21E8AAF3700F12E10 /* UIImage+BRAdd.m */,
				C5F352971ECC882600E236BC /* UIImageView+BRAdd.h */,
				C5F352981ECC882600E236BC /* UIImageView+BRAdd.m */,
				C549BEF11F0B69D9008F3467 /* UIButton+Layout.h */,
				C549BEF21F0B69D9008F3467 /* UIButton+Layout.m */,
				C5491C411E83926E00A11807 /* UINavigationController+Back.h */,
				C5491C421E83926E00A11807 /* UINavigationController+Back.m */,
				C50487161E8C016D007E626C /* UINavigationController+Alpha.h */,
				C50487171E8C016D007E626C /* UINavigationController+Alpha.m */,
			);
			path = Category;
			sourceTree = "<group>";
		};
		C5F9C7B31E55375700FCB7BD /* Tools */ = {
			isa = PBXGroup;
			children = (
				C5BE25121ED33F7400A532ED /* BRTextInputLimit.h */,
				C5BE25131ED33F7400A532ED /* BRTextInputLimit.m */,
			);
			path = Tools;
			sourceTree = "<group>";
		};
		C5F9C7B51E5537CD00FCB7BD /* Other */ = {
			isa = PBXGroup;
			children = (
				C5709A071DFA83E3002704EB /* AppDelegate.h */,
				C5709A081DFA83E3002704EB /* AppDelegate.m */,
			);
			path = Other;
			sourceTree = "<group>";
		};
		E7110527370B12CEF5907753 /* Frameworks */ = {
			isa = PBXGroup;
			children = (
				5F6EC5F46F179928508A66EC /* libPods-MyBaseProject.a */,
			);
			name = Frameworks;
			sourceTree = "<group>";
		};
		EF6161BAA2A8D0277444DB25 /* Pods */ = {
			isa = PBXGroup;
			children = (
				9D63256C6F845543982445E8 /* Pods-MyBaseProject.debug.xcconfig */,
				A1DB763C942612557C586CB5 /* Pods-MyBaseProject.release.xcconfig */,
			);
			name = Pods;
			sourceTree = "<group>";
		};
/* End PBXGroup section */

/* Begin PBXNativeTarget section */
		C5709A001DFA83E3002704EB /* MyBaseProject */ = {
			isa = PBXNativeTarget;
			buildConfigurationList = C5709A181DFA83E3002704EB /* Build configuration list for PBXNativeTarget "MyBaseProject" */;
			buildPhases = (
				8D4F5E68B1C03B15E826FF20 /* [CP] Check Pods Manifest.lock */,
				C57099FD1DFA83E3002704EB /* Sources */,
				C57099FE1DFA83E3002704EB /* Frameworks */,
				C57099FF1DFA83E3002704EB /* Resources */,
				F2F14BE99CF5E572EC3230FB /* [CP] Embed Pods Frameworks */,
				E65F56BA27A098D61647C81F /* [CP] Copy Pods Resources */,
			);
			buildRules = (
			);
			dependencies = (
			);
			name = MyBaseProject;
			productName = MyBaseProject;
			productReference = C5709A011DFA83E3002704EB /* MyBaseProject.app */;
			productType = "com.apple.product-type.application";
		};
/* End PBXNativeTarget section */

/* Begin PBXProject section */
		C57099F91DFA83E3002704EB /* Project object */ = {
			isa = PBXProject;
			attributes = {
				LastUpgradeCheck = 0800;
				ORGANIZATIONNAME = apple;
				TargetAttributes = {
					C5709A001DFA83E3002704EB = {
						CreatedOnToolsVersion = 8.0;
						DevelopmentTeam = 56HTN5B782;
						ProvisioningStyle = Automatic;
					};
				};
			};
			buildConfigurationList = C57099FC1DFA83E3002704EB /* Build configuration list for PBXProject "MyBaseProject" */;
			compatibilityVersion = "Xcode 3.2";
			developmentRegion = English;
			hasScannedForEncodings = 0;
			knownRegions = (
				en,
				Base,
			);
			mainGroup = C57099F81DFA83E3002704EB;
			productRefGroup = C5709A021DFA83E3002704EB /* Products */;
			projectDirPath = "";
			projectRoot = "";
			targets = (
				C5709A001DFA83E3002704EB /* MyBaseProject */,
			);
		};
/* End PBXProject section */

/* Begin PBXResourcesBuildPhase section */
		C57099FF1DFA83E3002704EB /* Resources */ = {
			isa = PBXResourcesBuildPhase;
			buildActionMask = 2147483647;
			files = (
				C5709A141DFA83E3002704EB /* LaunchScreen.storyboard in Resources */,
				C5709A111DFA83E3002704EB /* Assets.xcassets in Resources */,
				C5709A0F1DFA83E3002704EB /* Main.storyboard in Resources */,
			);
			runOnlyForDeploymentPostprocessing = 0;
		};
/* End PBXResourcesBuildPhase section */

/* Begin PBXShellScriptBuildPhase section */
		8D4F5E68B1C03B15E826FF20 /* [CP] Check Pods Manifest.lock */ = {
			isa = PBXShellScriptBuildPhase;
			buildActionMask = 2147483647;
			files = (
			);
			inputPaths = (
			);
			name = "[CP] Check Pods Manifest.lock";
			outputPaths = (
			);
			runOnlyForDeploymentPostprocessing = 0;
			shellPath = /bin/sh;
			shellScript = "diff \"${PODS_ROOT}/../Podfile.lock\" \"${PODS_ROOT}/Manifest.lock\" > /dev/null\nif [ $? != 0 ] ; then\n    # print error to STDERR\n    echo \"error: The sandbox is not in sync with the Podfile.lock. Run 'pod install' or update your CocoaPods installation.\" >&2\n    exit 1\nfi\n";
			showEnvVarsInLog = 0;
		};
		E65F56BA27A098D61647C81F /* [CP] Copy Pods Resources */ = {
			isa = PBXShellScriptBuildPhase;
			buildActionMask = 2147483647;
			files = (
			);
			inputPaths = (
			);
			name = "[CP] Copy Pods Resources";
			outputPaths = (
			);
			runOnlyForDeploymentPostprocessing = 0;
			shellPath = /bin/sh;
			shellScript = "\"${SRCROOT}/Pods/Target Support Files/Pods-MyBaseProject/Pods-MyBaseProject-resources.sh\"\n";
			showEnvVarsInLog = 0;
		};
		F2F14BE99CF5E572EC3230FB /* [CP] Embed Pods Frameworks */ = {
			isa = PBXShellScriptBuildPhase;
			buildActionMask = 2147483647;
			files = (
			);
			inputPaths = (
			);
			name = "[CP] Embed Pods Frameworks";
			outputPaths = (
			);
			runOnlyForDeploymentPostprocessing = 0;
			shellPath = /bin/sh;
			shellScript = "\"${SRCROOT}/Pods/Target Support Files/Pods-MyBaseProject/Pods-MyBaseProject-frameworks.sh\"\n";
			showEnvVarsInLog = 0;
		};
/* End PBXShellScriptBuildPhase section */

/* Begin PBXSourcesBuildPhase section */
		C57099FD1DFA83E3002704EB /* Sources */ = {
			isa = PBXSourcesBuildPhase;
			buildActionMask = 2147483647;
			files = (
				C5F9C7C01E553F6F00FCB7BD /* UIScrollView+Refresh.m in Sources */,
				C5F9C7C91E55510D00FCB7BD /* BaseViewController.m in Sources */,
				C58F26E41EC201F000EF08BE /* SBJsonUTF8Stream.m in Sources */,
				C58F26E11EC201F000EF08BE /* SBJsonStreamWriterAccumulator.m in Sources */,
				C5BB49A21EB24BA500F63FA4 /* NSArray+BRAdd.m in Sources */,
				C5F9C7C61E554FE200FCB7BD /* BaseModel.m in Sources */,
				C58F26DA1EC201F000EF08BE /* NSObject+SBJson.m in Sources */,
				C5F9C7D31E55582100FCB7BD /* NSObject+HUD.m in Sources */,
				C5F9C7BD1E553BCD00FCB7BD /* NSObject+Network.m in Sources */,
				C5F9C7CC1E55519E00FCB7BD /* BaseViewModel.m in Sources */,
				C58F26DE1EC201F000EF08BE /* SBJsonStreamParserAdapter.m in Sources */,
				C55F7CC31E8AAF3700F12E10 /* UIImage+BRAdd.m in Sources */,
				C58F26DC1EC201F000EF08BE /* SBJsonStreamParser.m in Sources */,
				C5BE251F1ED3C50B00A532ED /* ABYWaterAnimation.m in Sources */,
				C58F26DF1EC201F000EF08BE /* SBJsonStreamParserState.m in Sources */,
				C5F352991ECC882600E236BC /* UIImageView+BRAdd.m in Sources */,
				C5BE25141ED33F7400A532ED /* BRTextInputLimit.m in Sources */,
				C58F26DD1EC201F000EF08BE /* SBJsonStreamParserAccumulator.m in Sources */,
				C58F26E21EC201F000EF08BE /* SBJsonStreamWriterState.m in Sources */,
				C549BEF31F0B69D9008F3467 /* UIButton+Layout.m in Sources */,
				C58F26E31EC201F000EF08BE /* SBJsonTokeniser.m in Sources */,
				C5709A091DFA83E3002704EB /* AppDelegate.m in Sources */,
				C5491C431E83926E00A11807 /* UINavigationController+Back.m in Sources */,
				C5F9C7BA1E553AF900FCB7BD /* AppDelegate+Category.m in Sources */,
				C5AC374A1EA645470065F491 /* NSString+BRAdd.m in Sources */,
				C58F26E51EC201F000EF08BE /* SBJsonWriter.m in Sources */,
				C58F26E01EC201F000EF08BE /* SBJsonStreamWriter.m in Sources */,
				C5F9C7CF1E5552CE00FCB7BD /* NSObject+Parse.m in Sources */,
				C5BE252B1ED5AFAB00A532ED /* BRBannerScrollView.m in Sources */,
				C582B0F61ED9150000D87EA2 /* NSString+Hash.m in Sources */,
				C5F9C7C31E55418B00FCB7BD /* BaseNetManager.m in Sources */,
				C58F26DB1EC201F000EF08BE /* SBJsonParser.m in Sources */,
				C5BE251E1ED3C50B00A532ED /* ABYBannerScrollView.m in Sources */,
				C5709A061DFA83E3002704EB /* main.m in Sources */,
				C582B0EE1ED6FA9A00D87EA2 /* NSData+BRAdd.m in Sources */,
				C50487181E8C016D007E626C /* UINavigationController+Alpha.m in Sources */,
			);
			runOnlyForDeploymentPostprocessing = 0;
		};
/* End PBXSourcesBuildPhase section */

/* Begin PBXVariantGroup section */
		C5709A0D1DFA83E3002704EB /* Main.storyboard */ = {
			isa = PBXVariantGroup;
			children = (
				C5709A0E1DFA83E3002704EB /* Base */,
			);
			name = Main.storyboard;
			sourceTree = "<group>";
		};
		C5709A121DFA83E3002704EB /* LaunchScreen.storyboard */ = {
			isa = PBXVariantGroup;
			children = (
				C5709A131DFA83E3002704EB /* Base */,
			);
			name = LaunchScreen.storyboard;
			sourceTree = "<group>";
		};
/* End PBXVariantGroup section */

/* Begin XCBuildConfiguration section */
		C5709A161DFA83E3002704EB /* Debug */ = {
			isa = XCBuildConfiguration;
			buildSettings = {
				ALWAYS_SEARCH_USER_PATHS = NO;
				CLANG_ANALYZER_NONNULL = YES;
				CLANG_CXX_LANGUAGE_STANDARD = "gnu++0x";
				CLANG_CXX_LIBRARY = "libc++";
				CLANG_ENABLE_MODULES = YES;
				CLANG_ENABLE_OBJC_ARC = YES;
				CLANG_WARN_BOOL_CONVERSION = YES;
				CLANG_WARN_CONSTANT_CONVERSION = YES;
				CLANG_WARN_DIRECT_OBJC_ISA_USAGE = YES_ERROR;
				CLANG_WARN_DOCUMENTATION_COMMENTS = YES;
				CLANG_WARN_EMPTY_BODY = YES;
				CLANG_WARN_ENUM_CONVERSION = YES;
				CLANG_WARN_INFINITE_RECURSION = YES;
				CLANG_WARN_INT_CONVERSION = YES;
				CLANG_WARN_OBJC_ROOT_CLASS = YES_ERROR;
				CLANG_WARN_SUSPICIOUS_MOVES = YES;
				CLANG_WARN_UNREACHABLE_CODE = YES;
				CLANG_WARN__DUPLICATE_METHOD_MATCH = YES;
				"CODE_SIGN_IDENTITY[sdk=iphoneos*]" = "iPhone Developer";
				COPY_PHASE_STRIP = NO;
				DEBUG_INFORMATION_FORMAT = dwarf;
				ENABLE_STRICT_OBJC_MSGSEND = YES;
				ENABLE_TESTABILITY = YES;
				GCC_C_LANGUAGE_STANDARD = gnu99;
				GCC_DYNAMIC_NO_PIC = NO;
				GCC_NO_COMMON_BLOCKS = YES;
				GCC_OPTIMIZATION_LEVEL = 0;
				GCC_PREPROCESSOR_DEFINITIONS = (
					"DEBUG=1",
					"$(inherited)",
				);
				GCC_WARN_64_TO_32_BIT_CONVERSION = YES;
				GCC_WARN_ABOUT_RETURN_TYPE = YES_ERROR;
				GCC_WARN_UNDECLARED_SELECTOR = YES;
				GCC_WARN_UNINITIALIZED_AUTOS = YES_AGGRESSIVE;
				GCC_WARN_UNUSED_FUNCTION = YES;
				GCC_WARN_UNUSED_VARIABLE = YES;
				IPHONEOS_DEPLOYMENT_TARGET = 10.0;
				MTL_ENABLE_DEBUG_INFO = YES;
				ONLY_ACTIVE_ARCH = YES;
				SDKROOT = iphoneos;
			};
			name = Debug;
		};
		C5709A171DFA83E3002704EB /* Release */ = {
			isa = XCBuildConfiguration;
			buildSettings = {
				ALWAYS_SEARCH_USER_PATHS = NO;
				CLANG_ANALYZER_NONNULL = YES;
				CLANG_CXX_LANGUAGE_STANDARD = "gnu++0x";
				CLANG_CXX_LIBRARY = "libc++";
				CLANG_ENABLE_MODULES = YES;
				CLANG_ENABLE_OBJC_ARC = YES;
				CLANG_WARN_BOOL_CONVERSION = YES;
				CLANG_WARN_CONSTANT_CONVERSION = YES;
				CLANG_WARN_DIRECT_OBJC_ISA_USAGE = YES_ERROR;
				CLANG_WARN_DOCUMENTATION_COMMENTS = YES;
				CLANG_WARN_EMPTY_BODY = YES;
				CLANG_WARN_ENUM_CONVERSION = YES;
				CLANG_WARN_INFINITE_RECURSION = YES;
				CLANG_WARN_INT_CONVERSION = YES;
				CLANG_WARN_OBJC_ROOT_CLASS = YES_ERROR;
				CLANG_WARN_SUSPICIOUS_MOVES = YES;
				CLANG_WARN_UNREACHABLE_CODE = YES;
				CLANG_WARN__DUPLICATE_METHOD_MATCH = YES;
				"CODE_SIGN_IDENTITY[sdk=iphoneos*]" = "iPhone Developer";
				COPY_PHASE_STRIP = NO;
				DEBUG_INFORMATION_FORMAT = "dwarf-with-dsym";
				ENABLE_NS_ASSERTIONS = NO;
				ENABLE_STRICT_OBJC_MSGSEND = YES;
				GCC_C_LANGUAGE_STANDARD = gnu99;
				GCC_NO_COMMON_BLOCKS = YES;
				GCC_WARN_64_TO_32_BIT_CONVERSION = YES;
				GCC_WARN_ABOUT_RETURN_TYPE = YES_ERROR;
				GCC_WARN_UNDECLARED_SELECTOR = YES;
				GCC_WARN_UNINITIALIZED_AUTOS = YES_AGGRESSIVE;
				GCC_WARN_UNUSED_FUNCTION = YES;
				GCC_WARN_UNUSED_VARIABLE = YES;
				IPHONEOS_DEPLOYMENT_TARGET = 10.0;
				MTL_ENABLE_DEBUG_INFO = NO;
				SDKROOT = iphoneos;
				VALIDATE_PRODUCT = YES;
			};
			name = Release;
		};
		C5709A191DFA83E3002704EB /* Debug */ = {
			isa = XCBuildConfiguration;
			baseConfigurationReference = 9D63256C6F845543982445E8 /* Pods-MyBaseProject.debug.xcconfig */;
			buildSettings = {
				ASSETCATALOG_COMPILER_APPICON_NAME = AppIcon;
				DEVELOPMENT_TEAM = 56HTN5B782;
				GCC_PREFIX_HEADER = "$(PRODUCT_NAME)/PrefixHeader.pch";
				INFOPLIST_FILE = MyBaseProject/Info.plist;
				IPHONEOS_DEPLOYMENT_TARGET = 8.0;
				LD_RUNPATH_SEARCH_PATHS = "$(inherited) @executable_path/Frameworks";
				PRODUCT_BUNDLE_IDENTIFIER = com.apple.boren.MyBaseProject;
				PRODUCT_NAME = "$(TARGET_NAME)";
			};
			name = Debug;
		};
		C5709A1A1DFA83E3002704EB /* Release */ = {
			isa = XCBuildConfiguration;
			baseConfigurationReference = A1DB763C942612557C586CB5 /* Pods-MyBaseProject.release.xcconfig */;
			buildSettings = {
				ASSETCATALOG_COMPILER_APPICON_NAME = AppIcon;
				DEVELOPMENT_TEAM = 56HTN5B782;
				GCC_PREFIX_HEADER = "$(PRODUCT_NAME)/PrefixHeader.pch";
				INFOPLIST_FILE = MyBaseProject/Info.plist;
				IPHONEOS_DEPLOYMENT_TARGET = 8.0;
				LD_RUNPATH_SEARCH_PATHS = "$(inherited) @executable_path/Frameworks";
				PRODUCT_BUNDLE_IDENTIFIER = com.apple.boren.MyBaseProject;
				PRODUCT_NAME = "$(TARGET_NAME)";
			};
			name = Release;
		};
/* End XCBuildConfiguration section */

/* Begin XCConfigurationList section */
		C57099FC1DFA83E3002704EB /* Build configuration list for PBXProject "MyBaseProject" */ = {
			isa = XCConfigurationList;
			buildConfigurations = (
				C5709A161DFA83E3002704EB /* Debug */,
				C5709A171DFA83E3002704EB /* Release */,
			);
			defaultConfigurationIsVisible = 0;
			defaultConfigurationName = Release;
		};
		C5709A181DFA83E3002704EB /* Build configuration list for PBXNativeTarget "MyBaseProject" */ = {
			isa = XCConfigurationList;
			buildConfigurations = (
				C5709A191DFA83E3002704EB /* Debug */,
				C5709A1A1DFA83E3002704EB /* Release */,
			);
			defaultConfigurationIsVisible = 0;
			defaultConfigurationName = Release;
		};
/* End XCConfigurationList section */
	};
	rootObject = C57099F91DFA83E3002704EB /* Project object */;
}
